
Microsoft Visual Studio Solution File, Format Version 12.00
# Visual Studio Version 16
VisualStudioVersion = 16.0.31729.503
MinimumVisualStudioVersion = 10.0.40219.1
Project("{FAE04EC0-301F-11D3-BF4B-00C04F79EFBC}") = "Constantin_Mihai_Lab5", "Constantin_Mihai_Lab5.csproj", "{E6140A13-92BA-4B38-9609-CD1739B8DFFC}"
EndProject
Project("{FAE04EC0-301F-11D3-BF4B-00C04F79EFBC}") = "AutoLotModel", "..\AutoLotModel\AutoLotModel.csproj", "{4DC840BC-99CF-4F6F-BBC3-14E6C5946213}"
EndProject
Global
	GlobalSection(SolutionConfigurationPlatforms) = preSolution
		Debug|Any CPU = Debug|Any CPU
		Release|Any CPU = Release|Any CPU
	EndGlobalSection
	GlobalSection(ProjectConfigurationPlatforms) = postSolution
		{E6140A13-92BA-4B38-9609-CD1739B8DFFC}.Debug|Any CPU.ActiveCfg = Debug|Any CPU
		{E6140A13-92BA-4B38-9609-CD1739B8DFFC}.Debug|Any CPU.Build.0 = Debug|Any CPU
		{E6140A13-92BA-4B38-9609-CD1739B8DFFC}.Release|Any CPU.ActiveCfg = Release|Any CPU
		{E6140A13-92BA-4B38-9609-CD1739B8DFFC}.Release|Any CPU.Build.0 = Release|Any CPU
		{4DC840BC-99CF-4F6F-BBC3-14E6C5946213}.Debug|Any CPU.ActiveCfg = Debug|Any CPU
		{4DC840BC-99CF-4F6F-BBC3-14E6C5946213}.Debug|Any CPU.Build.0 = Debug|Any CPU
		{4DC840BC-99CF-4F6F-BBC3-14E6C5946213}.Release|Any CPU.ActiveCfg = Release|Any CPU
		{4DC840BC-99CF-4F6F-BBC3-14E6C5946213}.Release|Any CPU.Build.0 = Release|Any CPU
	EndGlobalSection
	GlobalSection(SolutionProperties) = preSolution
		HideSolutionNode = FALSE
	EndGlobalSection
	GlobalSection(ExtensibilityGlobals) = postSolution
		SolutionGuid = {7D152C75-A847-4FBD-8301-EDC0157C2718}
	EndGlobalSection
EndGlobal
